
Microsoft Visual Studio Solution File, Format Version 12.00
# Visual Studio Version 16
VisualStudioVersion = 16.0.29709.97
MinimumVisualStudioVersion = 10.0.40219.1
Project("{FAE04EC0-301F-11D3-BF4B-00C04F79EFBC}") = "Warehouses", "Warehouses\Warehouses.csproj", "{96359341-BF32-4BD9-9BEA-DBAF3B8C8B39}"
EndProject
Global
	GlobalSection(SolutionConfigurationPlatforms) = preSolution
		Debug|Any CPU = Debug|Any CPU
		Release|Any CPU = Release|Any CPU
	EndGlobalSection
	GlobalSection(ProjectConfigurationPlatforms) = postSolution
		{96359341-BF32-4BD9-9BEA-DBAF3B8C8B39}.Debug|Any CPU.ActiveCfg = Debug|Any CPU
		{96359341-BF32-4BD9-9BEA-DBAF3B8C8B39}.Debug|Any CPU.Build.0 = Debug|Any CPU
		{96359341-BF32-4BD9-9BEA-DBAF3B8C8B39}.Release|Any CPU.ActiveCfg = Release|Any CPU
		{96359341-BF32-4BD9-9BEA-DBAF3B8C8B39}.Release|Any CPU.Build.0 = Release|Any CPU
	EndGlobalSection
	GlobalSection(SolutionProperties) = preSolution
		HideSolutionNode = FALSE
	EndGlobalSection
	GlobalSection(ExtensibilityGlobals) = postSolution
		SolutionGuid = {3F4B4BD5-1026-4F0A-9B2A-1DAFE6C93108}
	EndGlobalSection
EndGlobal
